
Microsoft Visual Studio Solution File, Format Version 12.00
# Visual Studio Version 17
VisualStudioVersion = 17.1.32210.238
MinimumVisualStudioVersion = 10.0.40219.1
Project("{9A19103F-16F7-4668-BE54-9A1E7A4F7556}") = "ConsumerCadastro", "ConsumerCadastro.csproj", "{7EF07B1D-B681-43BA-8C45-4300ADB158D6}"
EndProject
Global
	GlobalSection(SolutionConfigurationPlatforms) = preSolution
		Debug|Any CPU = Debug|Any CPU
		Release|Any CPU = Release|Any CPU
	EndGlobalSection
	GlobalSection(ProjectConfigurationPlatforms) = postSolution
		{7EF07B1D-B681-43BA-8C45-4300ADB158D6}.Debug|Any CPU.ActiveCfg = Debug|Any CPU
		{7EF07B1D-B681-43BA-8C45-4300ADB158D6}.Debug|Any CPU.Build.0 = Debug|Any CPU
		{7EF07B1D-B681-43BA-8C45-4300ADB158D6}.Release|Any CPU.ActiveCfg = Release|Any CPU
		{7EF07B1D-B681-43BA-8C45-4300ADB158D6}.Release|Any CPU.Build.0 = Release|Any CPU
	EndGlobalSection
	GlobalSection(SolutionProperties) = preSolution
		HideSolutionNode = FALSE
	EndGlobalSection
	GlobalSection(ExtensibilityGlobals) = postSolution
		SolutionGuid = {15CF7BC9-3435-465C-B141-E1554CF117B6}
	EndGlobalSection
EndGlobal
